
Microsoft Visual Studio Solution File, Format Version 11.00
# Visual Studio 2010
Project("{FAE04EC0-301F-11D3-BF4B-00C04F79EFBC}") = "WxControl", "WxControl\WxControl.csproj", "{70AFE9F7-0B4D-4A3C-8D66-DE78C6E85DE6}"
EndProject
Global
	GlobalSection(SolutionConfigurationPlatforms) = preSolution
		Debug|x86 = Debug|x86
		Release|x86 = Release|x86
	EndGlobalSection
	GlobalSection(ProjectConfigurationPlatforms) = postSolution
		{70AFE9F7-0B4D-4A3C-8D66-DE78C6E85DE6}.Debug|x86.ActiveCfg = Debug|x86
		{70AFE9F7-0B4D-4A3C-8D66-DE78C6E85DE6}.Debug|x86.Build.0 = Debug|x86
		{70AFE9F7-0B4D-4A3C-8D66-DE78C6E85DE6}.Release|x86.ActiveCfg = Release|x86
		{70AFE9F7-0B4D-4A3C-8D66-DE78C6E85DE6}.Release|x86.Build.0 = Release|x86
	EndGlobalSection
	GlobalSection(SolutionProperties) = preSolution
		HideSolutionNode = FALSE
	EndGlobalSection
EndGlobal
